
Microsoft Visual Studio Solution File, Format Version 12.00
# Visual Studio Version 17
VisualStudioVersion = 17.13.35825.156 d17.13
MinimumVisualStudioVersion = 10.0.40219.1
Project("{FAE04EC0-301F-11D3-BF4B-00C04F79EFBC}") = "autokey", "autokey.csproj", "{A571EED9-BF89-41AC-831B-7C4A007E0ED4}"
EndProject
Global
	GlobalSection(SolutionConfigurationPlatforms) = preSolution
		Debug|Any CPU = Debug|Any CPU
		Release|Any CPU = Release|Any CPU
	EndGlobalSection
	GlobalSection(ProjectConfigurationPlatforms) = postSolution
		{A571EED9-BF89-41AC-831B-7C4A007E0ED4}.Debug|Any CPU.ActiveCfg = Debug|Any CPU
		{A571EED9-BF89-41AC-831B-7C4A007E0ED4}.Debug|Any CPU.Build.0 = Debug|Any CPU
		{A571EED9-BF89-41AC-831B-7C4A007E0ED4}.Release|Any CPU.ActiveCfg = Release|Any CPU
		{A571EED9-BF89-41AC-831B-7C4A007E0ED4}.Release|Any CPU.Build.0 = Release|Any CPU
	EndGlobalSection
	GlobalSection(SolutionProperties) = preSolution
		HideSolutionNode = FALSE
	EndGlobalSection
	GlobalSection(ExtensibilityGlobals) = postSolution
		SolutionGuid = {47FE8E5B-546F-4141-B5EC-6FE2C3FA6BAC}
	EndGlobalSection
EndGlobal
